
Microsoft Visual Studio Solution File, Format Version 12.00
# Visual Studio Version 16
VisualStudioVersion = 16.0.30104.148
MinimumVisualStudioVersion = 10.0.40219.1
Project("{9A19103F-16F7-4668-BE54-9A1E7A4F7556}") = "MedicationPrescriber.Api", "MedicationPrescriber.Api\MedicationPrescriber.Api.csproj", "{C04C04E9-734A-4B77-9FD4-7B5C1D1B8E5B}"
EndProject
Project("{9A19103F-16F7-4668-BE54-9A1E7A4F7556}") = "MedicationPresriber.Domain", "MedicationPresriber.Domain\MedicationPresriber.Domain.csproj", "{5217CFD8-A83D-42A4-B56F-DCC04A12E6B3}"
EndProject
Global
	GlobalSection(SolutionConfigurationPlatforms) = preSolution
		Debug|Any CPU = Debug|Any CPU
		Release|Any CPU = Release|Any CPU
	EndGlobalSection
	GlobalSection(ProjectConfigurationPlatforms) = postSolution
		{C04C04E9-734A-4B77-9FD4-7B5C1D1B8E5B}.Debug|Any CPU.ActiveCfg = Debug|Any CPU
		{C04C04E9-734A-4B77-9FD4-7B5C1D1B8E5B}.Debug|Any CPU.Build.0 = Debug|Any CPU
		{C04C04E9-734A-4B77-9FD4-7B5C1D1B8E5B}.Release|Any CPU.ActiveCfg = Release|Any CPU
		{C04C04E9-734A-4B77-9FD4-7B5C1D1B8E5B}.Release|Any CPU.Build.0 = Release|Any CPU
		{5217CFD8-A83D-42A4-B56F-DCC04A12E6B3}.Debug|Any CPU.ActiveCfg = Debug|Any CPU
		{5217CFD8-A83D-42A4-B56F-DCC04A12E6B3}.Debug|Any CPU.Build.0 = Debug|Any CPU
		{5217CFD8-A83D-42A4-B56F-DCC04A12E6B3}.Release|Any CPU.ActiveCfg = Release|Any CPU
		{5217CFD8-A83D-42A4-B56F-DCC04A12E6B3}.Release|Any CPU.Build.0 = Release|Any CPU
	EndGlobalSection
	GlobalSection(SolutionProperties) = preSolution
		HideSolutionNode = FALSE
	EndGlobalSection
	GlobalSection(ExtensibilityGlobals) = postSolution
		SolutionGuid = {1AE08FF5-CCE7-4636-B241-62C23EAC5EDF}
	EndGlobalSection
EndGlobal
